<?xml version="1.0" encoding="utf-8"?>
<Project ToolsVersion="4.0" xmlns="http://schemas.microsoft.com/developer/msbuild/2003">
  <ItemGroup>
    <Filter Include="ソースファイル">
      <UniqueIdentifier>{f01c94a8-3117-4b63-84a0-fe3f5739cb38}</UniqueIdentifier>
      <Extensions>cpp;c;cc;cxx;c++;cppm;ixx;def;odl;idl;hpj;bat;asm;asmx</Extensions>
    </Filter>
    <Filter Include="ヘッダーファイル">
      <UniqueIdentifier>{ed066b85-5e23-4971-83d3-7374a5e187c5}</UniqueIdentifier>
      <Extensions>h;hh;hpp;hxx;h++;hm;inl;inc;ipp;xsd</Extensions>
    </Filter>
    <Filter Include="リソースファイル">
      <UniqueIdentifier>{249e2042-6892-4225-bbcd-e7b1f7dd7b17}</UniqueIdentifier>
      <Extensions>rc;ico;cur;bmp;dlg;rc2;rct;bin;rgs;gif;jpg;jpeg;jpe;resx;tiff;tif;png;wav;mfcribbon-ms</Extensions>
    </Filter>
  </ItemGroup>
  <ItemGroup>
    <ClInclude Include="..\include\SampleApp.h">
      <Filter>ヘッダーファイル</Filter>
    </ClInclude>
  </ItemGroup>
  <ItemGroup>
    <ClCompile Include="..\src\main.cpp">
      <Filter>ソースファイル</Filter>
    </ClCompile>
    <ClCompile Include="..\src\SampleApp.cpp">
      <Filter>ソースファイル</Filter>
    </ClCompile>
  </ItemGroup>
  <ItemGroup>
    <None Include="packages.config" />
  </ItemGroup>
  <ItemGroup>
    <FxCompile Include="..\res\SimplePS.hlsl">
      <Filter>リソースファイル</Filter>
    </FxCompile>
    <FxCompile Include="..\res\SimpleTexPS.hlsl">
      <Filter>リソースファイル</Filter>
    </FxCompile>
    <FxCompile Include="..\res\SimpleTexVS.hlsl">
      <Filter>リソースファイル</Filter>
    </FxCompile>
    <FxCompile Include="..\res\SimpleVS.hlsl">
      <Filter>リソースファイル</Filter>
    </FxCompile>
    <FxCompile Include="..\res\LambertPS.hlsl">
      <Filter>リソースファイル</Filter>
    </FxCompile>
    <FxCompile Include="..\res\LambertVS.hlsl">
      <Filter>リソースファイル</Filter>
    </FxCompile>
  </ItemGroup>
</Project>